
Microsoft Visual Studio Solution File, Format Version 12.00
# Visual Studio Version 17
VisualStudioVersion = 17.14.36518.9 d17.14
MinimumVisualStudioVersion = 10.0.40219.1
Project("{FAE04EC0-301F-11D3-BF4B-00C04F79EFBC}") = "Profile.Host", "Profile.Host\Profile.Host.csproj", "{EB31ACC2-1267-4F22-9D4D-DF787A5906E7}"
EndProject
Global
	GlobalSection(SolutionConfigurationPlatforms) = preSolution
		Debug|Any CPU = Debug|Any CPU
		Release|Any CPU = Release|Any CPU
	EndGlobalSection
	GlobalSection(ProjectConfigurationPlatforms) = postSolution
		{EB31ACC2-1267-4F22-9D4D-DF787A5906E7}.Debug|Any CPU.ActiveCfg = Debug|Any CPU
		{EB31ACC2-1267-4F22-9D4D-DF787A5906E7}.Debug|Any CPU.Build.0 = Debug|Any CPU
		{EB31ACC2-1267-4F22-9D4D-DF787A5906E7}.Release|Any CPU.ActiveCfg = Release|Any CPU
		{EB31ACC2-1267-4F22-9D4D-DF787A5906E7}.Release|Any CPU.Build.0 = Release|Any CPU
	EndGlobalSection
	GlobalSection(SolutionProperties) = preSolution
		HideSolutionNode = FALSE
	EndGlobalSection
	GlobalSection(ExtensibilityGlobals) = postSolution
		SolutionGuid = {90A06FB0-0EB0-4E12-ADBE-8610A617A893}
	EndGlobalSection
EndGlobal
